
Microsoft Visual Studio Solution File, Format Version 12.00
# Visual Studio Version 16
VisualStudioVersion = 16.0.31105.61
MinimumVisualStudioVersion = 10.0.40219.1
Project("{9A19103F-16F7-4668-BE54-9A1E7A4F7556}") = "PhasmoSelectObjet", "PhasmoSelectObjet\PhasmoSelectObjet.csproj", "{0A59954E-3A3F-4EE5-88CC-C6D6FE81E452}"
EndProject
Global
	GlobalSection(SolutionConfigurationPlatforms) = preSolution
		Debug|Any CPU = Debug|Any CPU
		Debug|x64 = Debug|x64
		deploiement|Any CPU = deploiement|Any CPU
		deploiement|x64 = deploiement|x64
		Release|Any CPU = Release|Any CPU
		Release|x64 = Release|x64
	EndGlobalSection
	GlobalSection(ProjectConfigurationPlatforms) = postSolution
		{0A59954E-3A3F-4EE5-88CC-C6D6FE81E452}.Debug|Any CPU.ActiveCfg = Debug|Any CPU
		{0A59954E-3A3F-4EE5-88CC-C6D6FE81E452}.Debug|Any CPU.Build.0 = Debug|Any CPU
		{0A59954E-3A3F-4EE5-88CC-C6D6FE81E452}.Debug|x64.ActiveCfg = Debug|x64
		{0A59954E-3A3F-4EE5-88CC-C6D6FE81E452}.Debug|x64.Build.0 = Debug|x64
		{0A59954E-3A3F-4EE5-88CC-C6D6FE81E452}.deploiement|Any CPU.ActiveCfg = deploiement|Any CPU
		{0A59954E-3A3F-4EE5-88CC-C6D6FE81E452}.deploiement|Any CPU.Build.0 = deploiement|Any CPU
		{0A59954E-3A3F-4EE5-88CC-C6D6FE81E452}.deploiement|x64.ActiveCfg = Release|Any CPU
		{0A59954E-3A3F-4EE5-88CC-C6D6FE81E452}.deploiement|x64.Build.0 = Release|Any CPU
		{0A59954E-3A3F-4EE5-88CC-C6D6FE81E452}.Release|Any CPU.ActiveCfg = Release|Any CPU
		{0A59954E-3A3F-4EE5-88CC-C6D6FE81E452}.Release|Any CPU.Build.0 = Release|Any CPU
		{0A59954E-3A3F-4EE5-88CC-C6D6FE81E452}.Release|x64.ActiveCfg = Release|x64
		{0A59954E-3A3F-4EE5-88CC-C6D6FE81E452}.Release|x64.Build.0 = Release|x64
	EndGlobalSection
	GlobalSection(SolutionProperties) = preSolution
		HideSolutionNode = FALSE
	EndGlobalSection
	GlobalSection(ExtensibilityGlobals) = postSolution
		SolutionGuid = {ACF8549E-576A-4E66-B09C-FF5E0A335BF0}
	EndGlobalSection
EndGlobal
